// !$*UTF8*$!
{
	archiveVersion = 1;
	classes = {
	};
	objectVersion = 60;
	objects = {

/* Begin PBXBuildFile section */
		182AC4BD2C49611000CF1790 /* LogoerApp.swift in Sources */ = {isa = PBXBuildFile; fileRef = 182AC4BC2C49611000CF1790 /* LogoerApp.swift */; };
		182AC4BF2C49611000CF1790 /* ContentView.swift in Sources */ = {isa = PBXBuildFile; fileRef = 182AC4BE2C49611000CF1790 /* ContentView.swift */; };
		182AC4C12C49611100CF1790 /* Assets.xcassets in Resources */ = {isa = PBXBuildFile; fileRef = 182AC4C02C49611100CF1790 /* Assets.xcassets */; };
		182AC4C42C49611100CF1790 /* Preview Assets.xcassets in Resources */ = {isa = PBXBuildFile; fileRef = 182AC4C32C49611100CF1790 /* Preview Assets.xcassets */; };
		182AC4CC2C497F6F00CF1790 /* SettingsView.swift in Sources */ = {isa = PBXBuildFile; fileRef = 182AC4CB2C497F6F00CF1790 /* SettingsView.swift */; };
		182AC4D42C498DF100CF1790 /* main.swift in Sources */ = {isa = PBXBuildFile; fileRef = 182AC4D32C498DF100CF1790 /* main.swift */; };
		182AC4D62C498DF100CF1790 /* LogoerHelper.swift in Sources */ = {isa = PBXBuildFile; fileRef = 182AC4D52C498DF100CF1790 /* LogoerHelper.swift */; };
		182AC4D82C498DF200CF1790 /* Assets.xcassets in Resources */ = {isa = PBXBuildFile; fileRef = 182AC4D72C498DF200CF1790 /* Assets.xcassets */; };
		182AC4E12C498EFB00CF1790 /* LogoerHelper.app in CopyFiles */ = {isa = PBXBuildFile; fileRef = 182AC4D12C498DF100CF1790 /* LogoerHelper.app */; settings = {ATTRIBUTES = (RemoveHeadersOnCopy, ); }; };
		182AC4E42C49953300CF1790 /* Localizable.strings in Resources */ = {isa = PBXBuildFile; fileRef = 182AC4E22C49953300CF1790 /* Localizable.strings */; };
		182AC4E82C499CA900CF1790 /* Sparkle in Frameworks */ = {isa = PBXBuildFile; productRef = 182AC4E72C499CA900CF1790 /* Sparkle */; };
		182AC4EB2C499D5100CF1790 /* Sparkle.swift in Sources */ = {isa = PBXBuildFile; fileRef = 182AC4EA2C499D5100CF1790 /* Sparkle.swift */; };
		18FF01392C4A89F70020A3EC /* InternalBattery.swift in Sources */ = {isa = PBXBuildFile; fileRef = 18FF01382C4A89F70020A3EC /* InternalBattery.swift */; };
/* End PBXBuildFile section */

/* Begin PBXCopyFilesBuildPhase section */
		182AC4E02C498EEB00CF1790 /* CopyFiles */ = {
			isa = PBXCopyFilesBuildPhase;
			buildActionMask = 2147483647;
			dstPath = Contents/Library/LoginItems;
			dstSubfolderSpec = 1;
			files = (
				182AC4E12C498EFB00CF1790 /* LogoerHelper.app in CopyFiles */,
			);
			runOnlyForDeploymentPostprocessing = 0;
		};
/* End PBXCopyFilesBuildPhase section */

/* Begin PBXFileReference section */
		182AC4B92C49611000CF1790 /* Logoer.app */ = {isa = PBXFileReference; explicitFileType = wrapper.application; includeInIndex = 0; path = Logoer.app; sourceTree = BUILT_PRODUCTS_DIR; };
		182AC4BC2C49611000CF1790 /* LogoerApp.swift */ = {isa = PBXFileReference; lastKnownFileType = sourcecode.swift; path = LogoerApp.swift; sourceTree = "<group>"; };
		182AC4BE2C49611000CF1790 /* ContentView.swift */ = {isa = PBXFileReference; lastKnownFileType = sourcecode.swift; path = ContentView.swift; sourceTree = "<group>"; };
		182AC4C02C49611100CF1790 /* Assets.xcassets */ = {isa = PBXFileReference; lastKnownFileType = folder.assetcatalog; path = Assets.xcassets; sourceTree = "<group>"; };
		182AC4C32C49611100CF1790 /* Preview Assets.xcassets */ = {isa = PBXFileReference; lastKnownFileType = folder.assetcatalog; path = "Preview Assets.xcassets"; sourceTree = "<group>"; };
		182AC4C52C49611100CF1790 /* Logoer.entitlements */ = {isa = PBXFileReference; lastKnownFileType = text.plist.entitlements; path = Logoer.entitlements; sourceTree = "<group>"; };
		182AC4CB2C497F6F00CF1790 /* SettingsView.swift */ = {isa = PBXFileReference; lastKnownFileType = sourcecode.swift; path = SettingsView.swift; sourceTree = "<group>"; };
		182AC4D12C498DF100CF1790 /* LogoerHelper.app */ = {isa = PBXFileReference; explicitFileType = wrapper.application; includeInIndex = 0; path = LogoerHelper.app; sourceTree = BUILT_PRODUCTS_DIR; };
		182AC4D32C498DF100CF1790 /* main.swift */ = {isa = PBXFileReference; lastKnownFileType = sourcecode.swift; path = main.swift; sourceTree = "<group>"; };
		182AC4D52C498DF100CF1790 /* LogoerHelper.swift */ = {isa = PBXFileReference; lastKnownFileType = sourcecode.swift; path = LogoerHelper.swift; sourceTree = "<group>"; };
		182AC4D72C498DF200CF1790 /* Assets.xcassets */ = {isa = PBXFileReference; lastKnownFileType = folder.assetcatalog; path = Assets.xcassets; sourceTree = "<group>"; };
		182AC4DC2C498DF200CF1790 /* LogoerHelper.entitlements */ = {isa = PBXFileReference; lastKnownFileType = text.plist.entitlements; path = LogoerHelper.entitlements; sourceTree = "<group>"; };
		182AC4E52C49954700CF1790 /* zh-Hans */ = {isa = PBXFileReference; lastKnownFileType = text.plist.strings; name = "zh-Hans"; path = "zh-Hans.lproj/Localizable.strings"; sourceTree = "<group>"; };
		182AC4E92C499CC400CF1790 /* Info.plist */ = {isa = PBXFileReference; lastKnownFileType = text.plist; path = Info.plist; sourceTree = "<group>"; };
		182AC4EA2C499D5100CF1790 /* Sparkle.swift */ = {isa = PBXFileReference; lastKnownFileType = sourcecode.swift; path = Sparkle.swift; sourceTree = "<group>"; };
		18FF01382C4A89F70020A3EC /* InternalBattery.swift */ = {isa = PBXFileReference; lastKnownFileType = sourcecode.swift; path = InternalBattery.swift; sourceTree = "<group>"; };
/* End PBXFileReference section */

/* Begin PBXFrameworksBuildPhase section */
		182AC4B62C49611000CF1790 /* Frameworks */ = {
			isa = PBXFrameworksBuildPhase;
			buildActionMask = 2147483647;
			files = (
				182AC4E82C499CA900CF1790 /* Sparkle in Frameworks */,
			);
			runOnlyForDeploymentPostprocessing = 0;
		};
		182AC4CE2C498DF100CF1790 /* Frameworks */ = {
			isa = PBXFrameworksBuildPhase;
			buildActionMask = 2147483647;
			files = (
			);
			runOnlyForDeploymentPostprocessing = 0;
		};
/* End PBXFrameworksBuildPhase section */

/* Begin PBXGroup section */
		182AC4B02C49611000CF1790 = {
			isa = PBXGroup;
			children = (
				182AC4BB2C49611000CF1790 /* Logoer */,
				182AC4D22C498DF100CF1790 /* LogoerHelper */,
				182AC4BA2C49611000CF1790 /* Products */,
			);
			sourceTree = "<group>";
		};
		182AC4BA2C49611000CF1790 /* Products */ = {
			isa = PBXGroup;
			children = (
				182AC4B92C49611000CF1790 /* Logoer.app */,
				182AC4D12C498DF100CF1790 /* LogoerHelper.app */,
			);
			name = Products;
			sourceTree = "<group>";
		};
		182AC4BB2C49611000CF1790 /* Logoer */ = {
			isa = PBXGroup;
			children = (
				182AC4E92C499CC400CF1790 /* Info.plist */,
				182AC4BC2C49611000CF1790 /* LogoerApp.swift */,
				182AC4BE2C49611000CF1790 /* ContentView.swift */,
				182AC4CB2C497F6F00CF1790 /* SettingsView.swift */,
				18FF01382C4A89F70020A3EC /* InternalBattery.swift */,
				182AC4EA2C499D5100CF1790 /* Sparkle.swift */,
				182AC4C02C49611100CF1790 /* Assets.xcassets */,
				182AC4E22C49953300CF1790 /* Localizable.strings */,
				182AC4C52C49611100CF1790 /* Logoer.entitlements */,
				182AC4C22C49611100CF1790 /* Preview Content */,
			);
			path = Logoer;
			sourceTree = "<group>";
		};
		182AC4C22C49611100CF1790 /* Preview Content */ = {
			isa = PBXGroup;
			children = (
				182AC4C32C49611100CF1790 /* Preview Assets.xcassets */,
			);
			path = "Preview Content";
			sourceTree = "<group>";
		};
		182AC4D22C498DF100CF1790 /* LogoerHelper */ = {
			isa = PBXGroup;
			children = (
				182AC4D32C498DF100CF1790 /* main.swift */,
				182AC4D52C498DF100CF1790 /* LogoerHelper.swift */,
				182AC4D72C498DF200CF1790 /* Assets.xcassets */,
				182AC4DC2C498DF200CF1790 /* LogoerHelper.entitlements */,
			);
			path = LogoerHelper;
			sourceTree = "<group>";
		};
/* End PBXGroup section */

/* Begin PBXNativeTarget section */
		182AC4B82C49611000CF1790 /* Logoer */ = {
			isa = PBXNativeTarget;
			buildConfigurationList = 182AC4C82C49611100CF1790 /* Build configuration list for PBXNativeTarget "Logoer" */;
			buildPhases = (
				182AC4B52C49611000CF1790 /* Sources */,
				182AC4B62C49611000CF1790 /* Frameworks */,
				182AC4B72C49611000CF1790 /* Resources */,
				182AC4E02C498EEB00CF1790 /* CopyFiles */,
			);
			buildRules = (
			);
			dependencies = (
			);
			name = Logoer;
			packageProductDependencies = (
				182AC4E72C499CA900CF1790 /* Sparkle */,
			);
			productName = Logoer;
			productReference = 182AC4B92C49611000CF1790 /* Logoer.app */;
			productType = "com.apple.product-type.application";
		};
		182AC4D02C498DF100CF1790 /* LogoerHelper */ = {
			isa = PBXNativeTarget;
			buildConfigurationList = 182AC4DD2C498DF200CF1790 /* Build configuration list for PBXNativeTarget "LogoerHelper" */;
			buildPhases = (
				182AC4CD2C498DF100CF1790 /* Sources */,
				182AC4CE2C498DF100CF1790 /* Frameworks */,
				182AC4CF2C498DF100CF1790 /* Resources */,
			);
			buildRules = (
			);
			dependencies = (
			);
			name = LogoerHelper;
			productName = LogoerHelper;
			productReference = 182AC4D12C498DF100CF1790 /* LogoerHelper.app */;
			productType = "com.apple.product-type.application";
		};
/* End PBXNativeTarget section */

/* Begin PBXProject section */
		182AC4B12C49611000CF1790 /* Project object */ = {
			isa = PBXProject;
			attributes = {
				BuildIndependentTargetsInParallel = 1;
				LastSwiftUpdateCheck = 1600;
				LastUpgradeCheck = 1600;
				TargetAttributes = {
					182AC4B82C49611000CF1790 = {
						CreatedOnToolsVersion = 16.0;
					};
					182AC4D02C498DF100CF1790 = {
						CreatedOnToolsVersion = 16.0;
					};
				};
			};
			buildConfigurationList = 182AC4B42C49611000CF1790 /* Build configuration list for PBXProject "Logoer" */;
			compatibilityVersion = "Xcode 15.0";
			developmentRegion = en;
			hasScannedForEncodings = 0;
			knownRegions = (
				en,
				Base,
				"zh-Hans",
			);
			mainGroup = 182AC4B02C49611000CF1790;
			packageReferences = (
				182AC4E62C499CA900CF1790 /* XCRemoteSwiftPackageReference "Sparkle" */,
			);
			productRefGroup = 182AC4BA2C49611000CF1790 /* Products */;
			projectDirPath = "";
			projectRoot = "";
			targets = (
				182AC4B82C49611000CF1790 /* Logoer */,
				182AC4D02C498DF100CF1790 /* LogoerHelper */,
			);
		};
/* End PBXProject section */

/* Begin PBXResourcesBuildPhase section */
		182AC4B72C49611000CF1790 /* Resources */ = {
			isa = PBXResourcesBuildPhase;
			buildActionMask = 2147483647;
			files = (
				182AC4C42C49611100CF1790 /* Preview Assets.xcassets in Resources */,
				182AC4E42C49953300CF1790 /* Localizable.strings in Resources */,
				182AC4C12C49611100CF1790 /* Assets.xcassets in Resources */,
			);
			runOnlyForDeploymentPostprocessing = 0;
		};
		182AC4CF2C498DF100CF1790 /* Resources */ = {
			isa = PBXResourcesBuildPhase;
			buildActionMask = 2147483647;
			files = (
				182AC4D82C498DF200CF1790 /* Assets.xcassets in Resources */,
			);
			runOnlyForDeploymentPostprocessing = 0;
		};
/* End PBXResourcesBuildPhase section */

/* Begin PBXSourcesBuildPhase section */
		182AC4B52C49611000CF1790 /* Sources */ = {
			isa = PBXSourcesBuildPhase;
			buildActionMask = 2147483647;
			files = (
				182AC4CC2C497F6F00CF1790 /* SettingsView.swift in Sources */,
				18FF01392C4A89F70020A3EC /* InternalBattery.swift in Sources */,
				182AC4BF2C49611000CF1790 /* ContentView.swift in Sources */,
				182AC4EB2C499D5100CF1790 /* Sparkle.swift in Sources */,
				182AC4BD2C49611000CF1790 /* LogoerApp.swift in Sources */,
			);
			runOnlyForDeploymentPostprocessing = 0;
		};
		182AC4CD2C498DF100CF1790 /* Sources */ = {
			isa = PBXSourcesBuildPhase;
			buildActionMask = 2147483647;
			files = (
				182AC4D62C498DF100CF1790 /* LogoerHelper.swift in Sources */,
				182AC4D42C498DF100CF1790 /* main.swift in Sources */,
			);
			runOnlyForDeploymentPostprocessing = 0;
		};
/* End PBXSourcesBuildPhase section */

/* Begin PBXVariantGroup section */
		182AC4E22C49953300CF1790 /* Localizable.strings */ = {
			isa = PBXVariantGroup;
			children = (
				182AC4E52C49954700CF1790 /* zh-Hans */,
			);
			name = Localizable.strings;
			sourceTree = "<group>";
		};
/* End PBXVariantGroup section */

/* Begin XCBuildConfiguration section */
		182AC4C62C49611100CF1790 /* Debug */ = {
			isa = XCBuildConfiguration;
			buildSettings = {
				ALWAYS_SEARCH_USER_PATHS = NO;
				ASSETCATALOG_COMPILER_GENERATE_SWIFT_ASSET_SYMBOL_EXTENSIONS = YES;
				CLANG_ANALYZER_NONNULL = YES;
				CLANG_ANALYZER_NUMBER_OBJECT_CONVERSION = YES_AGGRESSIVE;
				CLANG_CXX_LANGUAGE_STANDARD = "gnu++20";
				CLANG_ENABLE_MODULES = YES;
				CLANG_ENABLE_OBJC_ARC = YES;
				CLANG_ENABLE_OBJC_WEAK = YES;
				CLANG_WARN_BLOCK_CAPTURE_AUTORELEASING = YES;
				CLANG_WARN_BOOL_CONVERSION = YES;
				CLANG_WARN_COMMA = YES;
				CLANG_WARN_CONSTANT_CONVERSION = YES;
				CLANG_WARN_DEPRECATED_OBJC_IMPLEMENTATIONS = YES;
				CLANG_WARN_DIRECT_OBJC_ISA_USAGE = YES_ERROR;
				CLANG_WARN_DOCUMENTATION_COMMENTS = YES;
				CLANG_WARN_EMPTY_BODY = YES;
				CLANG_WARN_ENUM_CONVERSION = YES;
				CLANG_WARN_INFINITE_RECURSION = YES;
				CLANG_WARN_INT_CONVERSION = YES;
				CLANG_WARN_NON_LITERAL_NULL_CONVERSION = YES;
				CLANG_WARN_OBJC_IMPLICIT_RETAIN_SELF = YES;
				CLANG_WARN_OBJC_LITERAL_CONVERSION = YES;
				CLANG_WARN_OBJC_ROOT_CLASS = YES_ERROR;
				CLANG_WARN_QUOTED_INCLUDE_IN_FRAMEWORK_HEADER = YES;
				CLANG_WARN_RANGE_LOOP_ANALYSIS = YES;
				CLANG_WARN_STRICT_PROTOTYPES = YES;
				CLANG_WARN_SUSPICIOUS_MOVE = YES;
				CLANG_WARN_UNGUARDED_AVAILABILITY = YES_AGGRESSIVE;
				CLANG_WARN_UNREACHABLE_CODE = YES;
				CLANG_WARN__DUPLICATE_METHOD_MATCH = YES;
				COPY_PHASE_STRIP = NO;
				DEBUG_INFORMATION_FORMAT = dwarf;
				ENABLE_STRICT_OBJC_MSGSEND = YES;
				ENABLE_TESTABILITY = YES;
				ENABLE_USER_SCRIPT_SANDBOXING = YES;
				GCC_C_LANGUAGE_STANDARD = gnu17;
				GCC_DYNAMIC_NO_PIC = NO;
				GCC_NO_COMMON_BLOCKS = YES;
				GCC_OPTIMIZATION_LEVEL = 0;
				GCC_PREPROCESSOR_DEFINITIONS = (
					"DEBUG=1",
					"$(inherited)",
				);
				GCC_WARN_64_TO_32_BIT_CONVERSION = YES;
				GCC_WARN_ABOUT_RETURN_TYPE = YES_ERROR;
				GCC_WARN_UNDECLARED_SELECTOR = YES;
				GCC_WARN_UNINITIALIZED_AUTOS = YES_AGGRESSIVE;
				GCC_WARN_UNUSED_FUNCTION = YES;
				GCC_WARN_UNUSED_VARIABLE = YES;
				LOCALIZATION_PREFERS_STRING_CATALOGS = YES;
				MACOSX_DEPLOYMENT_TARGET = 14.5;
				MTL_ENABLE_DEBUG_INFO = INCLUDE_SOURCE;
				MTL_FAST_MATH = YES;
				ONLY_ACTIVE_ARCH = YES;
				SDKROOT = macosx;
				SWIFT_ACTIVE_COMPILATION_CONDITIONS = "DEBUG $(inherited)";
				SWIFT_OPTIMIZATION_LEVEL = "-Onone";
			};
			name = Debug;
		};
		182AC4C72C49611100CF1790 /* Release */ = {
			isa = XCBuildConfiguration;
			buildSettings = {
				ALWAYS_SEARCH_USER_PATHS = NO;
				ASSETCATALOG_COMPILER_GENERATE_SWIFT_ASSET_SYMBOL_EXTENSIONS = YES;
				CLANG_ANALYZER_NONNULL = YES;
				CLANG_ANALYZER_NUMBER_OBJECT_CONVERSION = YES_AGGRESSIVE;
				CLANG_CXX_LANGUAGE_STANDARD = "gnu++20";
				CLANG_ENABLE_MODULES = YES;
				CLANG_ENABLE_OBJC_ARC = YES;
				CLANG_ENABLE_OBJC_WEAK = YES;
				CLANG_WARN_BLOCK_CAPTURE_AUTORELEASING = YES;
				CLANG_WARN_BOOL_CONVERSION = YES;
				CLANG_WARN_COMMA = YES;
				CLANG_WARN_CONSTANT_CONVERSION = YES;
				CLANG_WARN_DEPRECATED_OBJC_IMPLEMENTATIONS = YES;
				CLANG_WARN_DIRECT_OBJC_ISA_USAGE = YES_ERROR;
				CLANG_WARN_DOCUMENTATION_COMMENTS = YES;
				CLANG_WARN_EMPTY_BODY = YES;
				CLANG_WARN_ENUM_CONVERSION = YES;
				CLANG_WARN_INFINITE_RECURSION = YES;
				CLANG_WARN_INT_CONVERSION = YES;
				CLANG_WARN_NON_LITERAL_NULL_CONVERSION = YES;
				CLANG_WARN_OBJC_IMPLICIT_RETAIN_SELF = YES;
				CLANG_WARN_OBJC_LITERAL_CONVERSION = YES;
				CLANG_WARN_OBJC_ROOT_CLASS = YES_ERROR;
				CLANG_WARN_QUOTED_INCLUDE_IN_FRAMEWORK_HEADER = YES;
				CLANG_WARN_RANGE_LOOP_ANALYSIS = YES;
				CLANG_WARN_STRICT_PROTOTYPES = YES;
				CLANG_WARN_SUSPICIOUS_MOVE = YES;
				CLANG_WARN_UNGUARDED_AVAILABILITY = YES_AGGRESSIVE;
				CLANG_WARN_UNREACHABLE_CODE = YES;
				CLANG_WARN__DUPLICATE_METHOD_MATCH = YES;
				COPY_PHASE_STRIP = NO;
				DEBUG_INFORMATION_FORMAT = "dwarf-with-dsym";
				ENABLE_NS_ASSERTIONS = NO;
				ENABLE_STRICT_OBJC_MSGSEND = YES;
				ENABLE_USER_SCRIPT_SANDBOXING = YES;
				GCC_C_LANGUAGE_STANDARD = gnu17;
				GCC_NO_COMMON_BLOCKS = YES;
				GCC_WARN_64_TO_32_BIT_CONVERSION = YES;
				GCC_WARN_ABOUT_RETURN_TYPE = YES_ERROR;
				GCC_WARN_UNDECLARED_SELECTOR = YES;
				GCC_WARN_UNINITIALIZED_AUTOS = YES_AGGRESSIVE;
				GCC_WARN_UNUSED_FUNCTION = YES;
				GCC_WARN_UNUSED_VARIABLE = YES;
				LOCALIZATION_PREFERS_STRING_CATALOGS = YES;
				MACOSX_DEPLOYMENT_TARGET = 14.5;
				MTL_ENABLE_DEBUG_INFO = NO;
				MTL_FAST_MATH = YES;
				SDKROOT = macosx;
				SWIFT_COMPILATION_MODE = wholemodule;
			};
			name = Release;
		};
		182AC4C92C49611100CF1790 /* Debug */ = {
			isa = XCBuildConfiguration;
			buildSettings = {
				ASSETCATALOG_COMPILER_APPICON_NAME = AppIcon;
				ASSETCATALOG_COMPILER_GLOBAL_ACCENT_COLOR_NAME = AccentColor;
				CODE_SIGN_ENTITLEMENTS = Logoer/Logoer.entitlements;
				CODE_SIGN_STYLE = Automatic;
				COMBINE_HIDPI_IMAGES = YES;
				CURRENT_PROJECT_VERSION = 013;
				DEVELOPMENT_ASSET_PATHS = "\"Logoer/Preview Content\"";
				DEVELOPMENT_TEAM = L4T783637F;
				ENABLE_HARDENED_RUNTIME = YES;
				ENABLE_PREVIEWS = YES;
				GENERATE_INFOPLIST_FILE = YES;
				INFOPLIST_FILE = Logoer/Info.plist;
				INFOPLIST_KEY_LSUIElement = YES;
				INFOPLIST_KEY_NSHumanReadableCopyright = "Copyright © 2024 lihaoyun6. All rights reserved.";
				LD_RUNPATH_SEARCH_PATHS = (
					"$(inherited)",
					"@executable_path/../Frameworks",
				);
				MACOSX_DEPLOYMENT_TARGET = 11.0;
				MARKETING_VERSION = 0.1.3;
				PRODUCT_BUNDLE_IDENTIFIER = com.lihaoyun6.Logoer;
				PRODUCT_NAME = "$(TARGET_NAME)";
				SWIFT_EMIT_LOC_STRINGS = YES;
				SWIFT_VERSION = 5.0;
			};
			name = Debug;
		};
		182AC4CA2C49611100CF1790 /* Release */ = {
			isa = XCBuildConfiguration;
			buildSettings = {
				ASSETCATALOG_COMPILER_APPICON_NAME = AppIcon;
				ASSETCATALOG_COMPILER_GLOBAL_ACCENT_COLOR_NAME = AccentColor;
				CODE_SIGN_ENTITLEMENTS = Logoer/Logoer.entitlements;
				CODE_SIGN_STYLE = Automatic;
				COMBINE_HIDPI_IMAGES = YES;
				CURRENT_PROJECT_VERSION = 013;
				DEVELOPMENT_ASSET_PATHS = "\"Logoer/Preview Content\"";
				DEVELOPMENT_TEAM = L4T783637F;
				ENABLE_HARDENED_RUNTIME = YES;
				ENABLE_PREVIEWS = YES;
				GENERATE_INFOPLIST_FILE = YES;
				INFOPLIST_FILE = Logoer/Info.plist;
				INFOPLIST_KEY_LSUIElement = YES;
				INFOPLIST_KEY_NSHumanReadableCopyright = "Copyright © 2024 lihaoyun6. All rights reserved.";
				LD_RUNPATH_SEARCH_PATHS = (
					"$(inherited)",
					"@executable_path/../Frameworks",
				);
				MACOSX_DEPLOYMENT_TARGET = 11.0;
				MARKETING_VERSION = 0.1.3;
				PRODUCT_BUNDLE_IDENTIFIER = com.lihaoyun6.Logoer;
				PRODUCT_NAME = "$(TARGET_NAME)";
				SWIFT_EMIT_LOC_STRINGS = YES;
				SWIFT_VERSION = 5.0;
			};
			name = Release;
		};
		182AC4DE2C498DF200CF1790 /* Debug */ = {
			isa = XCBuildConfiguration;
			buildSettings = {
				ASSETCATALOG_COMPILER_APPICON_NAME = AppIcon;
				ASSETCATALOG_COMPILER_GLOBAL_ACCENT_COLOR_NAME = AccentColor;
				CODE_SIGN_ENTITLEMENTS = LogoerHelper/LogoerHelper.entitlements;
				CODE_SIGN_STYLE = Automatic;
				COMBINE_HIDPI_IMAGES = YES;
				CURRENT_PROJECT_VERSION = 013;
				DEVELOPMENT_TEAM = L4T783637F;
				ENABLE_HARDENED_RUNTIME = YES;
				GENERATE_INFOPLIST_FILE = YES;
				INFOPLIST_KEY_LSBackgroundOnly = YES;
				INFOPLIST_KEY_NSHumanReadableCopyright = "";
				INFOPLIST_KEY_NSMainStoryboardFile = Main;
				INFOPLIST_KEY_NSPrincipalClass = NSApplication;
				LD_RUNPATH_SEARCH_PATHS = (
					"$(inherited)",
					"@executable_path/../Frameworks",
				);
				MACOSX_DEPLOYMENT_TARGET = 11.0;
				MARKETING_VERSION = 0.1.3;
				PRODUCT_BUNDLE_IDENTIFIER = com.lihaoyun6.LogoerHelper;
				PRODUCT_NAME = "$(TARGET_NAME)";
				SKIP_INSTALL = YES;
				SWIFT_EMIT_LOC_STRINGS = YES;
				SWIFT_VERSION = 5.0;
			};
			name = Debug;
		};
		182AC4DF2C498DF200CF1790 /* Release */ = {
			isa = XCBuildConfiguration;
			buildSettings = {
				ASSETCATALOG_COMPILER_APPICON_NAME = AppIcon;
				ASSETCATALOG_COMPILER_GLOBAL_ACCENT_COLOR_NAME = AccentColor;
				CODE_SIGN_ENTITLEMENTS = LogoerHelper/LogoerHelper.entitlements;
				CODE_SIGN_STYLE = Automatic;
				COMBINE_HIDPI_IMAGES = YES;
				CURRENT_PROJECT_VERSION = 013;
				DEVELOPMENT_TEAM = L4T783637F;
				ENABLE_HARDENED_RUNTIME = YES;
				GENERATE_INFOPLIST_FILE = YES;
				INFOPLIST_KEY_LSBackgroundOnly = YES;
				INFOPLIST_KEY_NSHumanReadableCopyright = "";
				INFOPLIST_KEY_NSMainStoryboardFile = Main;
				INFOPLIST_KEY_NSPrincipalClass = NSApplication;
				LD_RUNPATH_SEARCH_PATHS = (
					"$(inherited)",
					"@executable_path/../Frameworks",
				);
				MACOSX_DEPLOYMENT_TARGET = 11.0;
				MARKETING_VERSION = 0.1.3;
				PRODUCT_BUNDLE_IDENTIFIER = com.lihaoyun6.LogoerHelper;
				PRODUCT_NAME = "$(TARGET_NAME)";
				SKIP_INSTALL = YES;
				SWIFT_EMIT_LOC_STRINGS = YES;
				SWIFT_VERSION = 5.0;
			};
			name = Release;
		};
/* End XCBuildConfiguration section */

/* Begin XCConfigurationList section */
		182AC4B42C49611000CF1790 /* Build configuration list for PBXProject "Logoer" */ = {
			isa = XCConfigurationList;
			buildConfigurations = (
				182AC4C62C49611100CF1790 /* Debug */,
				182AC4C72C49611100CF1790 /* Release */,
			);
			defaultConfigurationIsVisible = 0;
			defaultConfigurationName = Release;
		};
		182AC4C82C49611100CF1790 /* Build configuration list for PBXNativeTarget "Logoer" */ = {
			isa = XCConfigurationList;
			buildConfigurations = (
				182AC4C92C49611100CF1790 /* Debug */,
				182AC4CA2C49611100CF1790 /* Release */,
			);
			defaultConfigurationIsVisible = 0;
			defaultConfigurationName = Release;
		};
		182AC4DD2C498DF200CF1790 /* Build configuration list for PBXNativeTarget "LogoerHelper" */ = {
			isa = XCConfigurationList;
			buildConfigurations = (
				182AC4DE2C498DF200CF1790 /* Debug */,
				182AC4DF2C498DF200CF1790 /* Release */,
			);
			defaultConfigurationIsVisible = 0;
			defaultConfigurationName = Release;
		};
/* End XCConfigurationList section */

/* Begin XCRemoteSwiftPackageReference section */
		182AC4E62C499CA900CF1790 /* XCRemoteSwiftPackageReference "Sparkle" */ = {
			isa = XCRemoteSwiftPackageReference;
			repositoryURL = "https://github.com/sparkle-project/Sparkle";
			requirement = {
				kind = upToNextMajorVersion;
				minimumVersion = 2.6.4;
			};
		};
/* End XCRemoteSwiftPackageReference section */

/* Begin XCSwiftPackageProductDependency section */
		182AC4E72C499CA900CF1790 /* Sparkle */ = {
			isa = XCSwiftPackageProductDependency;
			package = 182AC4E62C499CA900CF1790 /* XCRemoteSwiftPackageReference "Sparkle" */;
			productName = Sparkle;
		};
/* End XCSwiftPackageProductDependency section */
	};
	rootObject = 182AC4B12C49611000CF1790 /* Project object */;
}
